
Microsoft Visual Studio Solution File, Format Version 10.00
# Visual Studio 2008
Project("{FAE04EC0-301F-11D3-BF4B-00C04F79EFBC}") = "BugDBDAL", "BugDBDAL\BugDBDAL.csproj", "{3D281C5F-8FE3-4AC4-AB65-4C2D4CFDE1DF}"
EndProject
Project("{FAE04EC0-301F-11D3-BF4B-00C04F79EFBC}") = "BLToolkit.3", "..\..\Sources\BLToolkit\Source\BLToolkit.3.csproj", "{0C325F5D-E50E-4340-8724-D29896CCC583}"
EndProject
Project("{FAE04EC0-301F-11D3-BF4B-00C04F79EFBC}") = "BugDBDALTests", "BugDBDALTests\BugDBDALTests.csproj", "{F97CB605-901C-444F-9893-19D9B8EAAC15}"
EndProject
Project("{2150E333-8FDC-42A3-9474-1A3956D46DE8}") = "Solution Items", "Solution Items", "{AAF24F5B-A3E5-461D-B064-F31237D25078}"
	ProjectSection(SolutionItems) = preProject
		BugDBAnalyzer.vsmdi = BugDBAnalyzer.vsmdi
		LocalTestRun.testrunconfig = LocalTestRun.testrunconfig
	EndProjectSection
EndProject
Project("{FAE04EC0-301F-11D3-BF4B-00C04F79EFBC}") = "BugDBDALNUnitTests", "BugDBDALNUnitTests\BugDBDALNUnitTests.csproj", "{FAB42E0D-ECBF-4FBC-B29F-C854398B89B4}"
EndProject
Project("{FAE04EC0-301F-11D3-BF4B-00C04F79EFBC}") = "BugDBQueryParser", "BugDBQueryParser\BugDBQueryParser.csproj", "{3B40BFF4-4513-46FB-9535-D8517FDC81E1}"
EndProject
Project("{FAE04EC0-301F-11D3-BF4B-00C04F79EFBC}") = "BugDBQueryParserTests", "BugDBQueryParserTests\BugDBQueryParserTests.csproj", "{05C376B3-41BF-4E8A-853B-42156C5CA26D}"
EndProject
Project("{FAE04EC0-301F-11D3-BF4B-00C04F79EFBC}") = "BugDBAggregator", "BugDBAggregator\BugDBAggregator.csproj", "{D29D2B2E-B26B-4BFA-9640-74355BD060AB}"
EndProject
Project("{FAE04EC0-301F-11D3-BF4B-00C04F79EFBC}") = "BugDBAggregatorTests", "BugDBAggregatorTests\BugDBAggregatorTests.csproj", "{4DFA6289-8374-4DD8-9AAE-C20CE38429F0}"
EndProject
Project("{FAE04EC0-301F-11D3-BF4B-00C04F79EFBC}") = "BugDBGUI", "BugDBGUI\BugDBGUI.csproj", "{A718E212-1CD0-4BEF-AE6F-4F3963C2BB97}"
EndProject
Project("{FAE04EC0-301F-11D3-BF4B-00C04F79EFBC}") = "BugDBHost", "BugDBHost\BugDBHost.csproj", "{8C93433A-0AA9-49BD-A9B7-8A45E2B78507}"
EndProject
Global
	GlobalSection(TestCaseManagementSettings) = postSolution
		CategoryFile = BugDBAnalyzer.vsmdi
	EndGlobalSection
	GlobalSection(SolutionConfigurationPlatforms) = preSolution
		Debug|Any CPU = Debug|Any CPU
		Release|Any CPU = Release|Any CPU
	EndGlobalSection
	GlobalSection(ProjectConfigurationPlatforms) = postSolution
		{3D281C5F-8FE3-4AC4-AB65-4C2D4CFDE1DF}.Debug|Any CPU.ActiveCfg = Debug|Any CPU
		{3D281C5F-8FE3-4AC4-AB65-4C2D4CFDE1DF}.Debug|Any CPU.Build.0 = Debug|Any CPU
		{3D281C5F-8FE3-4AC4-AB65-4C2D4CFDE1DF}.Release|Any CPU.ActiveCfg = Release|Any CPU
		{3D281C5F-8FE3-4AC4-AB65-4C2D4CFDE1DF}.Release|Any CPU.Build.0 = Release|Any CPU
		{0C325F5D-E50E-4340-8724-D29896CCC583}.Debug|Any CPU.ActiveCfg = Debug|Any CPU
		{0C325F5D-E50E-4340-8724-D29896CCC583}.Debug|Any CPU.Build.0 = Debug|Any CPU
		{0C325F5D-E50E-4340-8724-D29896CCC583}.Release|Any CPU.ActiveCfg = Release|Any CPU
		{0C325F5D-E50E-4340-8724-D29896CCC583}.Release|Any CPU.Build.0 = Release|Any CPU
		{F97CB605-901C-444F-9893-19D9B8EAAC15}.Debug|Any CPU.ActiveCfg = Debug|Any CPU
		{F97CB605-901C-444F-9893-19D9B8EAAC15}.Debug|Any CPU.Build.0 = Debug|Any CPU
		{F97CB605-901C-444F-9893-19D9B8EAAC15}.Release|Any CPU.ActiveCfg = Release|Any CPU
		{F97CB605-901C-444F-9893-19D9B8EAAC15}.Release|Any CPU.Build.0 = Release|Any CPU
		{FAB42E0D-ECBF-4FBC-B29F-C854398B89B4}.Debug|Any CPU.ActiveCfg = Debug|Any CPU
		{FAB42E0D-ECBF-4FBC-B29F-C854398B89B4}.Debug|Any CPU.Build.0 = Debug|Any CPU
		{FAB42E0D-ECBF-4FBC-B29F-C854398B89B4}.Release|Any CPU.ActiveCfg = Release|Any CPU
		{FAB42E0D-ECBF-4FBC-B29F-C854398B89B4}.Release|Any CPU.Build.0 = Release|Any CPU
		{3B40BFF4-4513-46FB-9535-D8517FDC81E1}.Debug|Any CPU.ActiveCfg = Debug|Any CPU
		{3B40BFF4-4513-46FB-9535-D8517FDC81E1}.Debug|Any CPU.Build.0 = Debug|Any CPU
		{3B40BFF4-4513-46FB-9535-D8517FDC81E1}.Release|Any CPU.ActiveCfg = Release|Any CPU
		{3B40BFF4-4513-46FB-9535-D8517FDC81E1}.Release|Any CPU.Build.0 = Release|Any CPU
		{05C376B3-41BF-4E8A-853B-42156C5CA26D}.Debug|Any CPU.ActiveCfg = Debug|Any CPU
		{05C376B3-41BF-4E8A-853B-42156C5CA26D}.Debug|Any CPU.Build.0 = Debug|Any CPU
		{05C376B3-41BF-4E8A-853B-42156C5CA26D}.Release|Any CPU.ActiveCfg = Release|Any CPU
		{05C376B3-41BF-4E8A-853B-42156C5CA26D}.Release|Any CPU.Build.0 = Release|Any CPU
		{D29D2B2E-B26B-4BFA-9640-74355BD060AB}.Debug|Any CPU.ActiveCfg = Debug|Any CPU
		{D29D2B2E-B26B-4BFA-9640-74355BD060AB}.Debug|Any CPU.Build.0 = Debug|Any CPU
		{D29D2B2E-B26B-4BFA-9640-74355BD060AB}.Release|Any CPU.ActiveCfg = Release|Any CPU
		{D29D2B2E-B26B-4BFA-9640-74355BD060AB}.Release|Any CPU.Build.0 = Release|Any CPU
		{4DFA6289-8374-4DD8-9AAE-C20CE38429F0}.Debug|Any CPU.ActiveCfg = Debug|Any CPU
		{4DFA6289-8374-4DD8-9AAE-C20CE38429F0}.Debug|Any CPU.Build.0 = Debug|Any CPU
		{4DFA6289-8374-4DD8-9AAE-C20CE38429F0}.Release|Any CPU.ActiveCfg = Release|Any CPU
		{4DFA6289-8374-4DD8-9AAE-C20CE38429F0}.Release|Any CPU.Build.0 = Release|Any CPU
		{A718E212-1CD0-4BEF-AE6F-4F3963C2BB97}.Debug|Any CPU.ActiveCfg = Debug|Any CPU
		{A718E212-1CD0-4BEF-AE6F-4F3963C2BB97}.Debug|Any CPU.Build.0 = Debug|Any CPU
		{A718E212-1CD0-4BEF-AE6F-4F3963C2BB97}.Release|Any CPU.ActiveCfg = Release|Any CPU
		{A718E212-1CD0-4BEF-AE6F-4F3963C2BB97}.Release|Any CPU.Build.0 = Release|Any CPU
		{8C93433A-0AA9-49BD-A9B7-8A45E2B78507}.Debug|Any CPU.ActiveCfg = Debug|Any CPU
		{8C93433A-0AA9-49BD-A9B7-8A45E2B78507}.Debug|Any CPU.Build.0 = Debug|Any CPU
		{8C93433A-0AA9-49BD-A9B7-8A45E2B78507}.Release|Any CPU.ActiveCfg = Release|Any CPU
		{8C93433A-0AA9-49BD-A9B7-8A45E2B78507}.Release|Any CPU.Build.0 = Release|Any CPU
	EndGlobalSection
	GlobalSection(SolutionProperties) = preSolution
		HideSolutionNode = FALSE
	EndGlobalSection
EndGlobal
