
Microsoft Visual Studio Solution File, Format Version 10.00
# Visual Studio 2008
Project("{FAE04EC0-301F-11D3-BF4B-00C04F79EFBC}") = "BugDBDAL", "BugDBDAL\BugDBDAL.csproj", "{3D281C5F-8FE3-4AC4-AB65-4C2D4CFDE1DF}"
EndProject
Project("{FAE04EC0-301F-11D3-BF4B-00C04F79EFBC}") = "BLToolkit.3", "..\..\Sources\BLToolkit\Source\BLToolkit.3.csproj", "{0C325F5D-E50E-4340-8724-D29896CCC583}"
EndProject
Project("{FAE04EC0-301F-11D3-BF4B-00C04F79EFBC}") = "BugDBDALTests", "BugDBDALTests\BugDBDALTests.csproj", "{F97CB605-901C-444F-9893-19D9B8EAAC15}"
EndProject
Project("{2150E333-8FDC-42A3-9474-1A3956D46DE8}") = "Solution Items", "Solution Items", "{AAF24F5B-A3E5-461D-B064-F31237D25078}"
	ProjectSection(SolutionItems) = preProject
		BugDBAnalyzer.vsmdi = BugDBAnalyzer.vsmdi
		Instructions.txt = Instructions.txt
		LocalTestRun.testrunconfig = LocalTestRun.testrunconfig
	EndProjectSection
EndProject
Project("{FAE04EC0-301F-11D3-BF4B-00C04F79EFBC}") = "BugDBQueryParser", "BugDBQueryParser\BugDBQueryParser.csproj", "{3B40BFF4-4513-46FB-9535-D8517FDC81E1}"
EndProject
Project("{FAE04EC0-301F-11D3-BF4B-00C04F79EFBC}") = "BugDBQueryParserTests", "BugDBQueryParserTests\BugDBQueryParserTests.csproj", "{05C376B3-41BF-4E8A-853B-42156C5CA26D}"
EndProject
Project("{FAE04EC0-301F-11D3-BF4B-00C04F79EFBC}") = "BugDBAggregator", "BugDBAggregator\BugDBAggregator.csproj", "{D29D2B2E-B26B-4BFA-9640-74355BD060AB}"
EndProject
Project("{FAE04EC0-301F-11D3-BF4B-00C04F79EFBC}") = "BugDBAggregatorTests", "BugDBAggregatorTests\BugDBAggregatorTests.csproj", "{4DFA6289-8374-4DD8-9AAE-C20CE38429F0}"
EndProject
Project("{FAE04EC0-301F-11D3-BF4B-00C04F79EFBC}") = "BugDBGUI", "BugDBGUI\BugDBGUI.csproj", "{A718E212-1CD0-4BEF-AE6F-4F3963C2BB97}"
EndProject
Project("{FAE04EC0-301F-11D3-BF4B-00C04F79EFBC}") = "BugDBHost", "BugDBHost\BugDBHost.csproj", "{8C93433A-0AA9-49BD-A9B7-8A45E2B78507}"
EndProject
Project("{FAE04EC0-301F-11D3-BF4B-00C04F79EFBC}") = "UnitTestUtils", "UnitTestUtils\UnitTestUtils.csproj", "{58A809A5-89C5-440D-94E5-66CD3F300A08}"
EndProject
Project("{FAE04EC0-301F-11D3-BF4B-00C04F79EFBC}") = "BugDBReporter", "BugDBReporter\BugDBReporter.csproj", "{EDE24341-4863-4114-A8AC-AA960ABD27BF}"
EndProject
Project("{FAE04EC0-301F-11D3-BF4B-00C04F79EFBC}") = "BugDBReporterTests", "BugDBReporterTests\BugDBReporterTests.csproj", "{4224F7C0-C0A6-4058-82C1-B65E4A4925FD}"
EndProject
Project("{FAE04EC0-301F-11D3-BF4B-00C04F79EFBC}") = "BugDBApp", "BugDBApp\BugDBApp.csproj", "{1DBCF53D-7FDB-455A-BD07-5C21609ABA63}"
EndProject
Project("{2150E333-8FDC-42A3-9474-1A3956D46DE8}") = "CompositeApplicationLibrary", "CompositeApplicationLibrary", "{0E5B6387-7E54-4DEE-A6FF-1FA1610E2128}"
EndProject
Project("{FAE04EC0-301F-11D3-BF4B-00C04F79EFBC}") = "Composite.Desktop", "..\..\Sources\Prism\CAL\Desktop\Composite\Composite.Desktop.csproj", "{77138947-1D13-4E22-AEE0-5D0DD046CA34}"
EndProject
Project("{FAE04EC0-301F-11D3-BF4B-00C04F79EFBC}") = "Composite.UnityExtensions.Desktop", "..\..\Sources\Prism\CAL\Desktop\Composite.UnityExtensions\Composite.UnityExtensions.Desktop.csproj", "{17831F3B-6B82-4916-BD2B-2CE2071EA622}"
EndProject
Project("{FAE04EC0-301F-11D3-BF4B-00C04F79EFBC}") = "Composite.Presentation.Desktop", "..\..\Sources\Prism\CAL\Desktop\Composite.Presentation\Composite.Presentation.Desktop.csproj", "{F807062D-6FC9-4FF0-A9F5-5F94653EDC4D}"
EndProject
Project("{2150E333-8FDC-42A3-9474-1A3956D46DE8}") = "Modules", "Modules", "{0794E741-BF6B-40A1-B4FF-CC8FC3EFBBD4}"
EndProject
Project("{FAE04EC0-301F-11D3-BF4B-00C04F79EFBC}") = "BugDB.Modules.BugReport", "BugDB.Modules.BugReport\BugDB.Modules.BugReport.csproj", "{DCA893B6-3387-429A-BC76-10B50BEC82D9}"
EndProject
Project("{2150E333-8FDC-42A3-9474-1A3956D46DE8}") = "Common", "Common", "{405AAD9A-D8C8-401C-BBDB-DB8942D35574}"
EndProject
Project("{FAE04EC0-301F-11D3-BF4B-00C04F79EFBC}") = "BugDB.Common", "BugDB.Common\BugDB.Common.csproj", "{F7DD0D4C-F249-43BA-B185-C7FBD038D893}"
EndProject
Global
	GlobalSection(TestCaseManagementSettings) = postSolution
		CategoryFile = BugDBAnalyzer.vsmdi
	EndGlobalSection
	GlobalSection(SolutionConfigurationPlatforms) = preSolution
		Debug|Any CPU = Debug|Any CPU
		Release|Any CPU = Release|Any CPU
	EndGlobalSection
	GlobalSection(ProjectConfigurationPlatforms) = postSolution
		{3D281C5F-8FE3-4AC4-AB65-4C2D4CFDE1DF}.Debug|Any CPU.ActiveCfg = Debug|Any CPU
		{3D281C5F-8FE3-4AC4-AB65-4C2D4CFDE1DF}.Debug|Any CPU.Build.0 = Debug|Any CPU
		{3D281C5F-8FE3-4AC4-AB65-4C2D4CFDE1DF}.Release|Any CPU.ActiveCfg = Release|Any CPU
		{3D281C5F-8FE3-4AC4-AB65-4C2D4CFDE1DF}.Release|Any CPU.Build.0 = Release|Any CPU
		{0C325F5D-E50E-4340-8724-D29896CCC583}.Debug|Any CPU.ActiveCfg = Debug|Any CPU
		{0C325F5D-E50E-4340-8724-D29896CCC583}.Debug|Any CPU.Build.0 = Debug|Any CPU
		{0C325F5D-E50E-4340-8724-D29896CCC583}.Release|Any CPU.ActiveCfg = Release|Any CPU
		{0C325F5D-E50E-4340-8724-D29896CCC583}.Release|Any CPU.Build.0 = Release|Any CPU
		{F97CB605-901C-444F-9893-19D9B8EAAC15}.Debug|Any CPU.ActiveCfg = Debug|Any CPU
		{F97CB605-901C-444F-9893-19D9B8EAAC15}.Debug|Any CPU.Build.0 = Debug|Any CPU
		{F97CB605-901C-444F-9893-19D9B8EAAC15}.Release|Any CPU.ActiveCfg = Release|Any CPU
		{F97CB605-901C-444F-9893-19D9B8EAAC15}.Release|Any CPU.Build.0 = Release|Any CPU
		{3B40BFF4-4513-46FB-9535-D8517FDC81E1}.Debug|Any CPU.ActiveCfg = Debug|Any CPU
		{3B40BFF4-4513-46FB-9535-D8517FDC81E1}.Debug|Any CPU.Build.0 = Debug|Any CPU
		{3B40BFF4-4513-46FB-9535-D8517FDC81E1}.Release|Any CPU.ActiveCfg = Release|Any CPU
		{3B40BFF4-4513-46FB-9535-D8517FDC81E1}.Release|Any CPU.Build.0 = Release|Any CPU
		{05C376B3-41BF-4E8A-853B-42156C5CA26D}.Debug|Any CPU.ActiveCfg = Debug|Any CPU
		{05C376B3-41BF-4E8A-853B-42156C5CA26D}.Debug|Any CPU.Build.0 = Debug|Any CPU
		{05C376B3-41BF-4E8A-853B-42156C5CA26D}.Release|Any CPU.ActiveCfg = Release|Any CPU
		{05C376B3-41BF-4E8A-853B-42156C5CA26D}.Release|Any CPU.Build.0 = Release|Any CPU
		{D29D2B2E-B26B-4BFA-9640-74355BD060AB}.Debug|Any CPU.ActiveCfg = Debug|Any CPU
		{D29D2B2E-B26B-4BFA-9640-74355BD060AB}.Debug|Any CPU.Build.0 = Debug|Any CPU
		{D29D2B2E-B26B-4BFA-9640-74355BD060AB}.Release|Any CPU.ActiveCfg = Release|Any CPU
		{D29D2B2E-B26B-4BFA-9640-74355BD060AB}.Release|Any CPU.Build.0 = Release|Any CPU
		{4DFA6289-8374-4DD8-9AAE-C20CE38429F0}.Debug|Any CPU.ActiveCfg = Debug|Any CPU
		{4DFA6289-8374-4DD8-9AAE-C20CE38429F0}.Debug|Any CPU.Build.0 = Debug|Any CPU
		{4DFA6289-8374-4DD8-9AAE-C20CE38429F0}.Release|Any CPU.ActiveCfg = Release|Any CPU
		{4DFA6289-8374-4DD8-9AAE-C20CE38429F0}.Release|Any CPU.Build.0 = Release|Any CPU
		{A718E212-1CD0-4BEF-AE6F-4F3963C2BB97}.Debug|Any CPU.ActiveCfg = Debug|Any CPU
		{A718E212-1CD0-4BEF-AE6F-4F3963C2BB97}.Debug|Any CPU.Build.0 = Debug|Any CPU
		{A718E212-1CD0-4BEF-AE6F-4F3963C2BB97}.Release|Any CPU.ActiveCfg = Release|Any CPU
		{A718E212-1CD0-4BEF-AE6F-4F3963C2BB97}.Release|Any CPU.Build.0 = Release|Any CPU
		{8C93433A-0AA9-49BD-A9B7-8A45E2B78507}.Debug|Any CPU.ActiveCfg = Debug|Any CPU
		{8C93433A-0AA9-49BD-A9B7-8A45E2B78507}.Debug|Any CPU.Build.0 = Debug|Any CPU
		{8C93433A-0AA9-49BD-A9B7-8A45E2B78507}.Release|Any CPU.ActiveCfg = Release|Any CPU
		{8C93433A-0AA9-49BD-A9B7-8A45E2B78507}.Release|Any CPU.Build.0 = Release|Any CPU
		{58A809A5-89C5-440D-94E5-66CD3F300A08}.Debug|Any CPU.ActiveCfg = Debug|Any CPU
		{58A809A5-89C5-440D-94E5-66CD3F300A08}.Debug|Any CPU.Build.0 = Debug|Any CPU
		{58A809A5-89C5-440D-94E5-66CD3F300A08}.Release|Any CPU.ActiveCfg = Release|Any CPU
		{58A809A5-89C5-440D-94E5-66CD3F300A08}.Release|Any CPU.Build.0 = Release|Any CPU
		{EDE24341-4863-4114-A8AC-AA960ABD27BF}.Debug|Any CPU.ActiveCfg = Debug|Any CPU
		{EDE24341-4863-4114-A8AC-AA960ABD27BF}.Debug|Any CPU.Build.0 = Debug|Any CPU
		{EDE24341-4863-4114-A8AC-AA960ABD27BF}.Release|Any CPU.ActiveCfg = Release|Any CPU
		{EDE24341-4863-4114-A8AC-AA960ABD27BF}.Release|Any CPU.Build.0 = Release|Any CPU
		{4224F7C0-C0A6-4058-82C1-B65E4A4925FD}.Debug|Any CPU.ActiveCfg = Debug|Any CPU
		{4224F7C0-C0A6-4058-82C1-B65E4A4925FD}.Debug|Any CPU.Build.0 = Debug|Any CPU
		{4224F7C0-C0A6-4058-82C1-B65E4A4925FD}.Release|Any CPU.ActiveCfg = Release|Any CPU
		{4224F7C0-C0A6-4058-82C1-B65E4A4925FD}.Release|Any CPU.Build.0 = Release|Any CPU
		{1DBCF53D-7FDB-455A-BD07-5C21609ABA63}.Debug|Any CPU.ActiveCfg = Debug|Any CPU
		{1DBCF53D-7FDB-455A-BD07-5C21609ABA63}.Debug|Any CPU.Build.0 = Debug|Any CPU
		{1DBCF53D-7FDB-455A-BD07-5C21609ABA63}.Release|Any CPU.ActiveCfg = Release|Any CPU
		{1DBCF53D-7FDB-455A-BD07-5C21609ABA63}.Release|Any CPU.Build.0 = Release|Any CPU
		{77138947-1D13-4E22-AEE0-5D0DD046CA34}.Debug|Any CPU.ActiveCfg = Debug|Any CPU
		{77138947-1D13-4E22-AEE0-5D0DD046CA34}.Debug|Any CPU.Build.0 = Debug|Any CPU
		{77138947-1D13-4E22-AEE0-5D0DD046CA34}.Release|Any CPU.ActiveCfg = Release|Any CPU
		{77138947-1D13-4E22-AEE0-5D0DD046CA34}.Release|Any CPU.Build.0 = Release|Any CPU
		{17831F3B-6B82-4916-BD2B-2CE2071EA622}.Debug|Any CPU.ActiveCfg = Debug|Any CPU
		{17831F3B-6B82-4916-BD2B-2CE2071EA622}.Debug|Any CPU.Build.0 = Debug|Any CPU
		{17831F3B-6B82-4916-BD2B-2CE2071EA622}.Release|Any CPU.ActiveCfg = Release|Any CPU
		{17831F3B-6B82-4916-BD2B-2CE2071EA622}.Release|Any CPU.Build.0 = Release|Any CPU
		{F807062D-6FC9-4FF0-A9F5-5F94653EDC4D}.Debug|Any CPU.ActiveCfg = Debug|Any CPU
		{F807062D-6FC9-4FF0-A9F5-5F94653EDC4D}.Debug|Any CPU.Build.0 = Debug|Any CPU
		{F807062D-6FC9-4FF0-A9F5-5F94653EDC4D}.Release|Any CPU.ActiveCfg = Release|Any CPU
		{F807062D-6FC9-4FF0-A9F5-5F94653EDC4D}.Release|Any CPU.Build.0 = Release|Any CPU
		{DCA893B6-3387-429A-BC76-10B50BEC82D9}.Debug|Any CPU.ActiveCfg = Debug|Any CPU
		{DCA893B6-3387-429A-BC76-10B50BEC82D9}.Debug|Any CPU.Build.0 = Debug|Any CPU
		{DCA893B6-3387-429A-BC76-10B50BEC82D9}.Release|Any CPU.ActiveCfg = Release|Any CPU
		{DCA893B6-3387-429A-BC76-10B50BEC82D9}.Release|Any CPU.Build.0 = Release|Any CPU
		{F7DD0D4C-F249-43BA-B185-C7FBD038D893}.Debug|Any CPU.ActiveCfg = Debug|Any CPU
		{F7DD0D4C-F249-43BA-B185-C7FBD038D893}.Debug|Any CPU.Build.0 = Debug|Any CPU
		{F7DD0D4C-F249-43BA-B185-C7FBD038D893}.Release|Any CPU.ActiveCfg = Release|Any CPU
		{F7DD0D4C-F249-43BA-B185-C7FBD038D893}.Release|Any CPU.Build.0 = Release|Any CPU
	EndGlobalSection
	GlobalSection(SolutionProperties) = preSolution
		HideSolutionNode = FALSE
	EndGlobalSection
	GlobalSection(NestedProjects) = preSolution
		{77138947-1D13-4E22-AEE0-5D0DD046CA34} = {0E5B6387-7E54-4DEE-A6FF-1FA1610E2128}
		{17831F3B-6B82-4916-BD2B-2CE2071EA622} = {0E5B6387-7E54-4DEE-A6FF-1FA1610E2128}
		{F807062D-6FC9-4FF0-A9F5-5F94653EDC4D} = {0E5B6387-7E54-4DEE-A6FF-1FA1610E2128}
		{DCA893B6-3387-429A-BC76-10B50BEC82D9} = {0794E741-BF6B-40A1-B4FF-CC8FC3EFBBD4}
		{F7DD0D4C-F249-43BA-B185-C7FBD038D893} = {405AAD9A-D8C8-401C-BBDB-DB8942D35574}
	EndGlobalSection
EndGlobal
